
Microsoft Visual Studio Solution File, Format Version 12.00
# Visual Studio Version 16
VisualStudioVersion = 16.0.29324.140
MinimumVisualStudioVersion = 15.0.26124.0
Project("{2150E333-8FDC-42A3-9474-1A3956D46DE8}") = "Solution Items", "Solution Items", "{D89F752C-5D69-4621-BFFE-36D91C45BFF8}"
	ProjectSection(SolutionItems) = preProject
		.dockerignore = .dockerignore
		.gitattributes = .gitattributes
		.gitignore = .gitignore
		Dockerfile = Dockerfile
		LICENSE.txt = LICENSE.txt
		README.md = README.md
	EndProjectSection
EndProject
Project("{FAE04EC0-301F-11D3-BF4B-00C04F79EFBC}") = "Cube", "Cube\Cube.csproj", "{085A1011-76F0-4239-B6B7-3239C5495212}"
EndProject
Global
	GlobalSection(SolutionConfigurationPlatforms) = preSolution
		Debug|Any CPU = Debug|Any CPU
		Debug|x64 = Debug|x64
		Debug|x86 = Debug|x86
		Release|Any CPU = Release|Any CPU
		Release|x64 = Release|x64
		Release|x86 = Release|x86
	EndGlobalSection
	GlobalSection(ProjectConfigurationPlatforms) = postSolution
		{085A1011-76F0-4239-B6B7-3239C5495212}.Debug|Any CPU.ActiveCfg = Debug|Any CPU
		{085A1011-76F0-4239-B6B7-3239C5495212}.Debug|Any CPU.Build.0 = Debug|Any CPU
		{085A1011-76F0-4239-B6B7-3239C5495212}.Debug|x64.ActiveCfg = Debug|Any CPU
		{085A1011-76F0-4239-B6B7-3239C5495212}.Debug|x64.Build.0 = Debug|Any CPU
		{085A1011-76F0-4239-B6B7-3239C5495212}.Debug|x86.ActiveCfg = Debug|Any CPU
		{085A1011-76F0-4239-B6B7-3239C5495212}.Debug|x86.Build.0 = Debug|Any CPU
		{085A1011-76F0-4239-B6B7-3239C5495212}.Release|Any CPU.ActiveCfg = Release|Any CPU
		{085A1011-76F0-4239-B6B7-3239C5495212}.Release|Any CPU.Build.0 = Release|Any CPU
		{085A1011-76F0-4239-B6B7-3239C5495212}.Release|x64.ActiveCfg = Release|Any CPU
		{085A1011-76F0-4239-B6B7-3239C5495212}.Release|x64.Build.0 = Release|Any CPU
		{085A1011-76F0-4239-B6B7-3239C5495212}.Release|x86.ActiveCfg = Release|Any CPU
		{085A1011-76F0-4239-B6B7-3239C5495212}.Release|x86.Build.0 = Release|Any CPU
	EndGlobalSection
	GlobalSection(SolutionProperties) = preSolution
		HideSolutionNode = FALSE
	EndGlobalSection
	GlobalSection(ExtensibilityGlobals) = postSolution
		SolutionGuid = {57B64F3C-C9CA-4E23-ACE9-CCBEB042B36D}
	EndGlobalSection
EndGlobal
